// !$*UTF8*$!
{
	archiveVersion = 1;
	classes = {
	};
	objectVersion = 55;
	objects = {

/* Begin PBXBuildFile section */
		48067CA5291BEA47004C462B /* AppDelegate.swift in Sources */ = {isa = PBXBuildFile; fileRef = 48067CA4291BEA47004C462B /* AppDelegate.swift */; };
		48067CA7291BEA47004C462B /* SceneDelegate.swift in Sources */ = {isa = PBXBuildFile; fileRef = 48067CA6291BEA47004C462B /* SceneDelegate.swift */; };
		48067CA9291BEA47004C462B /* SearchViewController.swift in Sources */ = {isa = PBXBuildFile; fileRef = 48067CA8291BEA47004C462B /* SearchViewController.swift */; };
		48067CAC291BEA47004C462B /* Main.storyboard in Resources */ = {isa = PBXBuildFile; fileRef = 48067CAA291BEA47004C462B /* Main.storyboard */; };
		48067CAE291BEA48004C462B /* Assets.xcassets in Resources */ = {isa = PBXBuildFile; fileRef = 48067CAD291BEA48004C462B /* Assets.xcassets */; };
		48067CB1291BEA48004C462B /* LaunchScreen.storyboard in Resources */ = {isa = PBXBuildFile; fileRef = 48067CAF291BEA48004C462B /* LaunchScreen.storyboard */; };
		48067CBC291BEA48004C462B /* GitHub_Repos_SearchTests.swift in Sources */ = {isa = PBXBuildFile; fileRef = 48067CBB291BEA48004C462B /* GitHub_Repos_SearchTests.swift */; };
		48067CC6291BEA48004C462B /* GitHub_Repos_SearchUITests.swift in Sources */ = {isa = PBXBuildFile; fileRef = 48067CC5291BEA48004C462B /* GitHub_Repos_SearchUITests.swift */; };
		48067CC8291BEA48004C462B /* GitHub_Repos_SearchUITestsLaunchTests.swift in Sources */ = {isa = PBXBuildFile; fileRef = 48067CC7291BEA48004C462B /* GitHub_Repos_SearchUITestsLaunchTests.swift */; };
		48067CD9291BF1CD004C462B /* SearchViewModel.swift in Sources */ = {isa = PBXBuildFile; fileRef = 48067CD8291BF1CD004C462B /* SearchViewModel.swift */; };
		48067CE8291C1B62004C462B /* ReposData.swift in Sources */ = {isa = PBXBuildFile; fileRef = 48067CE7291C1B62004C462B /* ReposData.swift */; };
		48067CEA291C1DA3004C462B /* RepoViewData.swift in Sources */ = {isa = PBXBuildFile; fileRef = 48067CE9291C1DA3004C462B /* RepoViewData.swift */; };
		95ED8B26C370ABF0771B5EA7 /* Pods_GitHub_Repos_Search.framework in Frameworks */ = {isa = PBXBuildFile; fileRef = 0A1F508CE105B24FAE8A7F35 /* Pods_GitHub_Repos_Search.framework */; };
/* End PBXBuildFile section */

/* Begin PBXContainerItemProxy section */
		48067CB8291BEA48004C462B /* PBXContainerItemProxy */ = {
			isa = PBXContainerItemProxy;
			containerPortal = 48067C99291BEA47004C462B /* Project object */;
			proxyType = 1;
			remoteGlobalIDString = 48067CA0291BEA47004C462B;
			remoteInfo = "GitHub Repos Search";
		};
		48067CC2291BEA48004C462B /* PBXContainerItemProxy */ = {
			isa = PBXContainerItemProxy;
			containerPortal = 48067C99291BEA47004C462B /* Project object */;
			proxyType = 1;
			remoteGlobalIDString = 48067CA0291BEA47004C462B;
			remoteInfo = "GitHub Repos Search";
		};
/* End PBXContainerItemProxy section */

/* Begin PBXFileReference section */
		0A1F508CE105B24FAE8A7F35 /* Pods_GitHub_Repos_Search.framework */ = {isa = PBXFileReference; explicitFileType = wrapper.framework; includeInIndex = 0; path = Pods_GitHub_Repos_Search.framework; sourceTree = BUILT_PRODUCTS_DIR; };
		48067CA1291BEA47004C462B /* GitHub Repos Search.app */ = {isa = PBXFileReference; explicitFileType = wrapper.application; includeInIndex = 0; path = "GitHub Repos Search.app"; sourceTree = BUILT_PRODUCTS_DIR; };
		48067CA4291BEA47004C462B /* AppDelegate.swift */ = {isa = PBXFileReference; lastKnownFileType = sourcecode.swift; path = AppDelegate.swift; sourceTree = "<group>"; };
		48067CA6291BEA47004C462B /* SceneDelegate.swift */ = {isa = PBXFileReference; lastKnownFileType = sourcecode.swift; path = SceneDelegate.swift; sourceTree = "<group>"; };
		48067CA8291BEA47004C462B /* SearchViewController.swift */ = {isa = PBXFileReference; lastKnownFileType = sourcecode.swift; path = SearchViewController.swift; sourceTree = "<group>"; };
		48067CAB291BEA47004C462B /* Base */ = {isa = PBXFileReference; lastKnownFileType = file.storyboard; name = Base; path = Base.lproj/Main.storyboard; sourceTree = "<group>"; };
		48067CAD291BEA48004C462B /* Assets.xcassets */ = {isa = PBXFileReference; lastKnownFileType = folder.assetcatalog; path = Assets.xcassets; sourceTree = "<group>"; };
		48067CB0291BEA48004C462B /* Base */ = {isa = PBXFileReference; lastKnownFileType = file.storyboard; name = Base; path = Base.lproj/LaunchScreen.storyboard; sourceTree = "<group>"; };
		48067CB2291BEA48004C462B /* Info.plist */ = {isa = PBXFileReference; lastKnownFileType = text.plist.xml; path = Info.plist; sourceTree = "<group>"; };
		48067CB7291BEA48004C462B /* GitHub Repos SearchTests.xctest */ = {isa = PBXFileReference; explicitFileType = wrapper.cfbundle; includeInIndex = 0; path = "GitHub Repos SearchTests.xctest"; sourceTree = BUILT_PRODUCTS_DIR; };
		48067CBB291BEA48004C462B /* GitHub_Repos_SearchTests.swift */ = {isa = PBXFileReference; lastKnownFileType = sourcecode.swift; path = GitHub_Repos_SearchTests.swift; sourceTree = "<group>"; };
		48067CC1291BEA48004C462B /* GitHub Repos SearchUITests.xctest */ = {isa = PBXFileReference; explicitFileType = wrapper.cfbundle; includeInIndex = 0; path = "GitHub Repos SearchUITests.xctest"; sourceTree = BUILT_PRODUCTS_DIR; };
		48067CC5291BEA48004C462B /* GitHub_Repos_SearchUITests.swift */ = {isa = PBXFileReference; lastKnownFileType = sourcecode.swift; path = GitHub_Repos_SearchUITests.swift; sourceTree = "<group>"; };
		48067CC7291BEA48004C462B /* GitHub_Repos_SearchUITestsLaunchTests.swift */ = {isa = PBXFileReference; lastKnownFileType = sourcecode.swift; path = GitHub_Repos_SearchUITestsLaunchTests.swift; sourceTree = "<group>"; };
		48067CD8291BF1CD004C462B /* SearchViewModel.swift */ = {isa = PBXFileReference; lastKnownFileType = sourcecode.swift; path = SearchViewModel.swift; sourceTree = "<group>"; };
		48067CE7291C1B62004C462B /* ReposData.swift */ = {isa = PBXFileReference; lastKnownFileType = sourcecode.swift; path = ReposData.swift; sourceTree = "<group>"; };
		48067CE9291C1DA3004C462B /* RepoViewData.swift */ = {isa = PBXFileReference; lastKnownFileType = sourcecode.swift; path = RepoViewData.swift; sourceTree = "<group>"; };
		6770A5BAB26BDE91CF29D702 /* Pods-GitHub Repos Search.debug.xcconfig */ = {isa = PBXFileReference; includeInIndex = 1; lastKnownFileType = text.xcconfig; name = "Pods-GitHub Repos Search.debug.xcconfig"; path = "Target Support Files/Pods-GitHub Repos Search/Pods-GitHub Repos Search.debug.xcconfig"; sourceTree = "<group>"; };
		A9CD3E50B3F3FD4A805549E1 /* Pods-GitHub Repos Search.release.xcconfig */ = {isa = PBXFileReference; includeInIndex = 1; lastKnownFileType = text.xcconfig; name = "Pods-GitHub Repos Search.release.xcconfig"; path = "Target Support Files/Pods-GitHub Repos Search/Pods-GitHub Repos Search.release.xcconfig"; sourceTree = "<group>"; };
/* End PBXFileReference section */

/* Begin PBXFrameworksBuildPhase section */
		48067C9E291BEA47004C462B /* Frameworks */ = {
			isa = PBXFrameworksBuildPhase;
			buildActionMask = 2147483647;
			files = (
				95ED8B26C370ABF0771B5EA7 /* Pods_GitHub_Repos_Search.framework in Frameworks */,
			);
			runOnlyForDeploymentPostprocessing = 0;
		};
		48067CB4291BEA48004C462B /* Frameworks */ = {
			isa = PBXFrameworksBuildPhase;
			buildActionMask = 2147483647;
			files = (
			);
			runOnlyForDeploymentPostprocessing = 0;
		};
		48067CBE291BEA48004C462B /* Frameworks */ = {
			isa = PBXFrameworksBuildPhase;
			buildActionMask = 2147483647;
			files = (
			);
			runOnlyForDeploymentPostprocessing = 0;
		};
/* End PBXFrameworksBuildPhase section */

/* Begin PBXGroup section */
		3338CD4D8E202750A0C86F73 /* Pods */ = {
			isa = PBXGroup;
			children = (
				6770A5BAB26BDE91CF29D702 /* Pods-GitHub Repos Search.debug.xcconfig */,
				A9CD3E50B3F3FD4A805549E1 /* Pods-GitHub Repos Search.release.xcconfig */,
			);
			path = Pods;
			sourceTree = "<group>";
		};
		48067C98291BEA47004C462B = {
			isa = PBXGroup;
			children = (
				48067CA3291BEA47004C462B /* GitHub Repos Search */,
				48067CBA291BEA48004C462B /* GitHub Repos SearchTests */,
				48067CC4291BEA48004C462B /* GitHub Repos SearchUITests */,
				48067CA2291BEA47004C462B /* Products */,
				3338CD4D8E202750A0C86F73 /* Pods */,
				C237F783039BE5FFF87041C9 /* Frameworks */,
			);
			sourceTree = "<group>";
		};
		48067CA2291BEA47004C462B /* Products */ = {
			isa = PBXGroup;
			children = (
				48067CA1291BEA47004C462B /* GitHub Repos Search.app */,
				48067CB7291BEA48004C462B /* GitHub Repos SearchTests.xctest */,
				48067CC1291BEA48004C462B /* GitHub Repos SearchUITests.xctest */,
			);
			name = Products;
			sourceTree = "<group>";
		};
		48067CA3291BEA47004C462B /* GitHub Repos Search */ = {
			isa = PBXGroup;
			children = (
				48067CD4291BEBAF004C462B /* App Life Cycle */,
				48067CDA291BFA90004C462B /* Model */,
				48067CD5291BEC40004C462B /* Search */,
				48067CAD291BEA48004C462B /* Assets.xcassets */,
				48067CAF291BEA48004C462B /* LaunchScreen.storyboard */,
				48067CB2291BEA48004C462B /* Info.plist */,
			);
			path = "GitHub Repos Search";
			sourceTree = "<group>";
		};
		48067CBA291BEA48004C462B /* GitHub Repos SearchTests */ = {
			isa = PBXGroup;
			children = (
				48067CBB291BEA48004C462B /* GitHub_Repos_SearchTests.swift */,
			);
			path = "GitHub Repos SearchTests";
			sourceTree = "<group>";
		};
		48067CC4291BEA48004C462B /* GitHub Repos SearchUITests */ = {
			isa = PBXGroup;
			children = (
				48067CC5291BEA48004C462B /* GitHub_Repos_SearchUITests.swift */,
				48067CC7291BEA48004C462B /* GitHub_Repos_SearchUITestsLaunchTests.swift */,
			);
			path = "GitHub Repos SearchUITests";
			sourceTree = "<group>";
		};
		48067CD4291BEBAF004C462B /* App Life Cycle */ = {
			isa = PBXGroup;
			children = (
				48067CA4291BEA47004C462B /* AppDelegate.swift */,
				48067CA6291BEA47004C462B /* SceneDelegate.swift */,
			);
			path = "App Life Cycle";
			sourceTree = "<group>";
		};
		48067CD5291BEC40004C462B /* Search */ = {
			isa = PBXGroup;
			children = (
				48067CD7291BF1B8004C462B /* ViewModel */,
				48067CD6291BEC49004C462B /* View */,
			);
			path = Search;
			sourceTree = "<group>";
		};
		48067CD6291BEC49004C462B /* View */ = {
			isa = PBXGroup;
			children = (
				48067CA8291BEA47004C462B /* SearchViewController.swift */,
				48067CAA291BEA47004C462B /* Main.storyboard */,
			);
			path = View;
			sourceTree = "<group>";
		};
		48067CD7291BF1B8004C462B /* ViewModel */ = {
			isa = PBXGroup;
			children = (
				48067CD8291BF1CD004C462B /* SearchViewModel.swift */,
			);
			path = ViewModel;
			sourceTree = "<group>";
		};
		48067CDA291BFA90004C462B /* Model */ = {
			isa = PBXGroup;
			children = (
				48067CDB291BFA9D004C462B /* RepoModel */,
			);
			path = Model;
			sourceTree = "<group>";
		};
		48067CDB291BFA9D004C462B /* RepoModel */ = {
			isa = PBXGroup;
			children = (
				48067CE7291C1B62004C462B /* ReposData.swift */,
				48067CE9291C1DA3004C462B /* RepoViewData.swift */,
			);
			path = RepoModel;
			sourceTree = "<group>";
		};
		C237F783039BE5FFF87041C9 /* Frameworks */ = {
			isa = PBXGroup;
			children = (
				0A1F508CE105B24FAE8A7F35 /* Pods_GitHub_Repos_Search.framework */,
			);
			name = Frameworks;
			sourceTree = "<group>";
		};
/* End PBXGroup section */

/* Begin PBXNativeTarget section */
		48067CA0291BEA47004C462B /* GitHub Repos Search */ = {
			isa = PBXNativeTarget;
			buildConfigurationList = 48067CCB291BEA48004C462B /* Build configuration list for PBXNativeTarget "GitHub Repos Search" */;
			buildPhases = (
				F7E4E32049B9B5E4EC12717B /* [CP] Check Pods Manifest.lock */,
				48067C9D291BEA47004C462B /* Sources */,
				48067C9E291BEA47004C462B /* Frameworks */,
				48067C9F291BEA47004C462B /* Resources */,
				FD011D9CFA1534AD2FF2E86C /* [CP] Embed Pods Frameworks */,
			);
			buildRules = (
			);
			dependencies = (
			);
			name = "GitHub Repos Search";
			productName = "GitHub Repos Search";
			productReference = 48067CA1291BEA47004C462B /* GitHub Repos Search.app */;
			productType = "com.apple.product-type.application";
		};
		48067CB6291BEA48004C462B /* GitHub Repos SearchTests */ = {
			isa = PBXNativeTarget;
			buildConfigurationList = 48067CCE291BEA48004C462B /* Build configuration list for PBXNativeTarget "GitHub Repos SearchTests" */;
			buildPhases = (
				48067CB3291BEA48004C462B /* Sources */,
				48067CB4291BEA48004C462B /* Frameworks */,
				48067CB5291BEA48004C462B /* Resources */,
			);
			buildRules = (
			);
			dependencies = (
				48067CB9291BEA48004C462B /* PBXTargetDependency */,
			);
			name = "GitHub Repos SearchTests";
			productName = "GitHub Repos SearchTests";
			productReference = 48067CB7291BEA48004C462B /* GitHub Repos SearchTests.xctest */;
			productType = "com.apple.product-type.bundle.unit-test";
		};
		48067CC0291BEA48004C462B /* GitHub Repos SearchUITests */ = {
			isa = PBXNativeTarget;
			buildConfigurationList = 48067CD1291BEA48004C462B /* Build configuration list for PBXNativeTarget "GitHub Repos SearchUITests" */;
			buildPhases = (
				48067CBD291BEA48004C462B /* Sources */,
				48067CBE291BEA48004C462B /* Frameworks */,
				48067CBF291BEA48004C462B /* Resources */,
			);
			buildRules = (
			);
			dependencies = (
				48067CC3291BEA48004C462B /* PBXTargetDependency */,
			);
			name = "GitHub Repos SearchUITests";
			productName = "GitHub Repos SearchUITests";
			productReference = 48067CC1291BEA48004C462B /* GitHub Repos SearchUITests.xctest */;
			productType = "com.apple.product-type.bundle.ui-testing";
		};
/* End PBXNativeTarget section */

/* Begin PBXProject section */
		48067C99291BEA47004C462B /* Project object */ = {
			isa = PBXProject;
			attributes = {
				BuildIndependentTargetsInParallel = 1;
				LastSwiftUpdateCheck = 1340;
				LastUpgradeCheck = 1340;
				TargetAttributes = {
					48067CA0291BEA47004C462B = {
						CreatedOnToolsVersion = 13.4.1;
					};
					48067CB6291BEA48004C462B = {
						CreatedOnToolsVersion = 13.4.1;
						TestTargetID = 48067CA0291BEA47004C462B;
					};
					48067CC0291BEA48004C462B = {
						CreatedOnToolsVersion = 13.4.1;
						TestTargetID = 48067CA0291BEA47004C462B;
					};
				};
			};
			buildConfigurationList = 48067C9C291BEA47004C462B /* Build configuration list for PBXProject "GitHub Repos Search" */;
			compatibilityVersion = "Xcode 13.0";
			developmentRegion = en;
			hasScannedForEncodings = 0;
			knownRegions = (
				en,
				Base,
			);
			mainGroup = 48067C98291BEA47004C462B;
			productRefGroup = 48067CA2291BEA47004C462B /* Products */;
			projectDirPath = "";
			projectRoot = "";
			targets = (
				48067CA0291BEA47004C462B /* GitHub Repos Search */,
				48067CB6291BEA48004C462B /* GitHub Repos SearchTests */,
				48067CC0291BEA48004C462B /* GitHub Repos SearchUITests */,
			);
		};
/* End PBXProject section */

/* Begin PBXResourcesBuildPhase section */
		48067C9F291BEA47004C462B /* Resources */ = {
			isa = PBXResourcesBuildPhase;
			buildActionMask = 2147483647;
			files = (
				48067CB1291BEA48004C462B /* LaunchScreen.storyboard in Resources */,
				48067CAE291BEA48004C462B /* Assets.xcassets in Resources */,
				48067CAC291BEA47004C462B /* Main.storyboard in Resources */,
			);
			runOnlyForDeploymentPostprocessing = 0;
		};
		48067CB5291BEA48004C462B /* Resources */ = {
			isa = PBXResourcesBuildPhase;
			buildActionMask = 2147483647;
			files = (
			);
			runOnlyForDeploymentPostprocessing = 0;
		};
		48067CBF291BEA48004C462B /* Resources */ = {
			isa = PBXResourcesBuildPhase;
			buildActionMask = 2147483647;
			files = (
			);
			runOnlyForDeploymentPostprocessing = 0;
		};
/* End PBXResourcesBuildPhase section */

/* Begin PBXShellScriptBuildPhase section */
		F7E4E32049B9B5E4EC12717B /* [CP] Check Pods Manifest.lock */ = {
			isa = PBXShellScriptBuildPhase;
			buildActionMask = 2147483647;
			files = (
			);
			inputFileListPaths = (
			);
			inputPaths = (
				"${PODS_PODFILE_DIR_PATH}/Podfile.lock",
				"${PODS_ROOT}/Manifest.lock",
			);
			name = "[CP] Check Pods Manifest.lock";
			outputFileListPaths = (
			);
			outputPaths = (
				"$(DERIVED_FILE_DIR)/Pods-GitHub Repos Search-checkManifestLockResult.txt",
			);
			runOnlyForDeploymentPostprocessing = 0;
			shellPath = /bin/sh;
			shellScript = "diff \"${PODS_PODFILE_DIR_PATH}/Podfile.lock\" \"${PODS_ROOT}/Manifest.lock\" > /dev/null\nif [ $? != 0 ] ; then\n    # print error to STDERR\n    echo \"error: The sandbox is not in sync with the Podfile.lock. Run 'pod install' or update your CocoaPods installation.\" >&2\n    exit 1\nfi\n# This output is used by Xcode 'outputs' to avoid re-running this script phase.\necho \"SUCCESS\" > \"${SCRIPT_OUTPUT_FILE_0}\"\n";
			showEnvVarsInLog = 0;
		};
		FD011D9CFA1534AD2FF2E86C /* [CP] Embed Pods Frameworks */ = {
			isa = PBXShellScriptBuildPhase;
			buildActionMask = 2147483647;
			files = (
			);
			inputFileListPaths = (
				"${PODS_ROOT}/Target Support Files/Pods-GitHub Repos Search/Pods-GitHub Repos Search-frameworks-${CONFIGURATION}-input-files.xcfilelist",
			);
			name = "[CP] Embed Pods Frameworks";
			outputFileListPaths = (
				"${PODS_ROOT}/Target Support Files/Pods-GitHub Repos Search/Pods-GitHub Repos Search-frameworks-${CONFIGURATION}-output-files.xcfilelist",
			);
			runOnlyForDeploymentPostprocessing = 0;
			shellPath = /bin/sh;
			shellScript = "\"${PODS_ROOT}/Target Support Files/Pods-GitHub Repos Search/Pods-GitHub Repos Search-frameworks.sh\"\n";
			showEnvVarsInLog = 0;
		};
/* End PBXShellScriptBuildPhase section */

/* Begin PBXSourcesBuildPhase section */
		48067C9D291BEA47004C462B /* Sources */ = {
			isa = PBXSourcesBuildPhase;
			buildActionMask = 2147483647;
			files = (
				48067CA9291BEA47004C462B /* SearchViewController.swift in Sources */,
				48067CA5291BEA47004C462B /* AppDelegate.swift in Sources */,
				48067CEA291C1DA3004C462B /* RepoViewData.swift in Sources */,
				48067CE8291C1B62004C462B /* ReposData.swift in Sources */,
				48067CA7291BEA47004C462B /* SceneDelegate.swift in Sources */,
				48067CD9291BF1CD004C462B /* SearchViewModel.swift in Sources */,
			);
			runOnlyForDeploymentPostprocessing = 0;
		};
		48067CB3291BEA48004C462B /* Sources */ = {
			isa = PBXSourcesBuildPhase;
			buildActionMask = 2147483647;
			files = (
				48067CBC291BEA48004C462B /* GitHub_Repos_SearchTests.swift in Sources */,
			);
			runOnlyForDeploymentPostprocessing = 0;
		};
		48067CBD291BEA48004C462B /* Sources */ = {
			isa = PBXSourcesBuildPhase;
			buildActionMask = 2147483647;
			files = (
				48067CC6291BEA48004C462B /* GitHub_Repos_SearchUITests.swift in Sources */,
				48067CC8291BEA48004C462B /* GitHub_Repos_SearchUITestsLaunchTests.swift in Sources */,
			);
			runOnlyForDeploymentPostprocessing = 0;
		};
/* End PBXSourcesBuildPhase section */

/* Begin PBXTargetDependency section */
		48067CB9291BEA48004C462B /* PBXTargetDependency */ = {
			isa = PBXTargetDependency;
			target = 48067CA0291BEA47004C462B /* GitHub Repos Search */;
			targetProxy = 48067CB8291BEA48004C462B /* PBXContainerItemProxy */;
		};
		48067CC3291BEA48004C462B /* PBXTargetDependency */ = {
			isa = PBXTargetDependency;
			target = 48067CA0291BEA47004C462B /* GitHub Repos Search */;
			targetProxy = 48067CC2291BEA48004C462B /* PBXContainerItemProxy */;
		};
/* End PBXTargetDependency section */

/* Begin PBXVariantGroup section */
		48067CAA291BEA47004C462B /* Main.storyboard */ = {
			isa = PBXVariantGroup;
			children = (
				48067CAB291BEA47004C462B /* Base */,
			);
			name = Main.storyboard;
			sourceTree = "<group>";
		};
		48067CAF291BEA48004C462B /* LaunchScreen.storyboard */ = {
			isa = PBXVariantGroup;
			children = (
				48067CB0291BEA48004C462B /* Base */,
			);
			name = LaunchScreen.storyboard;
			sourceTree = "<group>";
		};
/* End PBXVariantGroup section */

/* Begin XCBuildConfiguration section */
		48067CC9291BEA48004C462B /* Debug */ = {
			isa = XCBuildConfiguration;
			buildSettings = {
				ALWAYS_SEARCH_USER_PATHS = NO;
				CLANG_ANALYZER_NONNULL = YES;
				CLANG_ANALYZER_NUMBER_OBJECT_CONVERSION = YES_AGGRESSIVE;
				CLANG_CXX_LANGUAGE_STANDARD = "gnu++17";
				CLANG_ENABLE_MODULES = YES;
				CLANG_ENABLE_OBJC_ARC = YES;
				CLANG_ENABLE_OBJC_WEAK = YES;
				CLANG_WARN_BLOCK_CAPTURE_AUTORELEASING = YES;
				CLANG_WARN_BOOL_CONVERSION = YES;
				CLANG_WARN_COMMA = YES;
				CLANG_WARN_CONSTANT_CONVERSION = YES;
				CLANG_WARN_DEPRECATED_OBJC_IMPLEMENTATIONS = YES;
				CLANG_WARN_DIRECT_OBJC_ISA_USAGE = YES_ERROR;
				CLANG_WARN_DOCUMENTATION_COMMENTS = YES;
				CLANG_WARN_EMPTY_BODY = YES;
				CLANG_WARN_ENUM_CONVERSION = YES;
				CLANG_WARN_INFINITE_RECURSION = YES;
				CLANG_WARN_INT_CONVERSION = YES;
				CLANG_WARN_NON_LITERAL_NULL_CONVERSION = YES;
				CLANG_WARN_OBJC_IMPLICIT_RETAIN_SELF = YES;
				CLANG_WARN_OBJC_LITERAL_CONVERSION = YES;
				CLANG_WARN_OBJC_ROOT_CLASS = YES_ERROR;
				CLANG_WARN_QUOTED_INCLUDE_IN_FRAMEWORK_HEADER = YES;
				CLANG_WARN_RANGE_LOOP_ANALYSIS = YES;
				CLANG_WARN_STRICT_PROTOTYPES = YES;
				CLANG_WARN_SUSPICIOUS_MOVE = YES;
				CLANG_WARN_UNGUARDED_AVAILABILITY = YES_AGGRESSIVE;
				CLANG_WARN_UNREACHABLE_CODE = YES;
				CLANG_WARN__DUPLICATE_METHOD_MATCH = YES;
				COPY_PHASE_STRIP = NO;
				DEBUG_INFORMATION_FORMAT = dwarf;
				ENABLE_STRICT_OBJC_MSGSEND = YES;
				ENABLE_TESTABILITY = YES;
				GCC_C_LANGUAGE_STANDARD = gnu11;
				GCC_DYNAMIC_NO_PIC = NO;
				GCC_NO_COMMON_BLOCKS = YES;
				GCC_OPTIMIZATION_LEVEL = 0;
				GCC_PREPROCESSOR_DEFINITIONS = (
					"DEBUG=1",
					"$(inherited)",
				);
				GCC_WARN_64_TO_32_BIT_CONVERSION = YES;
				GCC_WARN_ABOUT_RETURN_TYPE = YES_ERROR;
				GCC_WARN_UNDECLARED_SELECTOR = YES;
				GCC_WARN_UNINITIALIZED_AUTOS = YES_AGGRESSIVE;
				GCC_WARN_UNUSED_FUNCTION = YES;
				GCC_WARN_UNUSED_VARIABLE = YES;
				IPHONEOS_DEPLOYMENT_TARGET = 15.5;
				MTL_ENABLE_DEBUG_INFO = INCLUDE_SOURCE;
				MTL_FAST_MATH = YES;
				ONLY_ACTIVE_ARCH = YES;
				SDKROOT = iphoneos;
				SWIFT_ACTIVE_COMPILATION_CONDITIONS = DEBUG;
				SWIFT_OPTIMIZATION_LEVEL = "-Onone";
			};
			name = Debug;
		};
		48067CCA291BEA48004C462B /* Release */ = {
			isa = XCBuildConfiguration;
			buildSettings = {
				ALWAYS_SEARCH_USER_PATHS = NO;
				CLANG_ANALYZER_NONNULL = YES;
				CLANG_ANALYZER_NUMBER_OBJECT_CONVERSION = YES_AGGRESSIVE;
				CLANG_CXX_LANGUAGE_STANDARD = "gnu++17";
				CLANG_ENABLE_MODULES = YES;
				CLANG_ENABLE_OBJC_ARC = YES;
				CLANG_ENABLE_OBJC_WEAK = YES;
				CLANG_WARN_BLOCK_CAPTURE_AUTORELEASING = YES;
				CLANG_WARN_BOOL_CONVERSION = YES;
				CLANG_WARN_COMMA = YES;
				CLANG_WARN_CONSTANT_CONVERSION = YES;
				CLANG_WARN_DEPRECATED_OBJC_IMPLEMENTATIONS = YES;
				CLANG_WARN_DIRECT_OBJC_ISA_USAGE = YES_ERROR;
				CLANG_WARN_DOCUMENTATION_COMMENTS = YES;
				CLANG_WARN_EMPTY_BODY = YES;
				CLANG_WARN_ENUM_CONVERSION = YES;
				CLANG_WARN_INFINITE_RECURSION = YES;
				CLANG_WARN_INT_CONVERSION = YES;
				CLANG_WARN_NON_LITERAL_NULL_CONVERSION = YES;
				CLANG_WARN_OBJC_IMPLICIT_RETAIN_SELF = YES;
				CLANG_WARN_OBJC_LITERAL_CONVERSION = YES;
				CLANG_WARN_OBJC_ROOT_CLASS = YES_ERROR;
				CLANG_WARN_QUOTED_INCLUDE_IN_FRAMEWORK_HEADER = YES;
				CLANG_WARN_RANGE_LOOP_ANALYSIS = YES;
				CLANG_WARN_STRICT_PROTOTYPES = YES;
				CLANG_WARN_SUSPICIOUS_MOVE = YES;
				CLANG_WARN_UNGUARDED_AVAILABILITY = YES_AGGRESSIVE;
				CLANG_WARN_UNREACHABLE_CODE = YES;
				CLANG_WARN__DUPLICATE_METHOD_MATCH = YES;
				COPY_PHASE_STRIP = NO;
				DEBUG_INFORMATION_FORMAT = "dwarf-with-dsym";
				ENABLE_NS_ASSERTIONS = NO;
				ENABLE_STRICT_OBJC_MSGSEND = YES;
				GCC_C_LANGUAGE_STANDARD = gnu11;
				GCC_NO_COMMON_BLOCKS = YES;
				GCC_WARN_64_TO_32_BIT_CONVERSION = YES;
				GCC_WARN_ABOUT_RETURN_TYPE = YES_ERROR;
				GCC_WARN_UNDECLARED_SELECTOR = YES;
				GCC_WARN_UNINITIALIZED_AUTOS = YES_AGGRESSIVE;
				GCC_WARN_UNUSED_FUNCTION = YES;
				GCC_WARN_UNUSED_VARIABLE = YES;
				IPHONEOS_DEPLOYMENT_TARGET = 15.5;
				MTL_ENABLE_DEBUG_INFO = NO;
				MTL_FAST_MATH = YES;
				SDKROOT = iphoneos;
				SWIFT_COMPILATION_MODE = wholemodule;
				SWIFT_OPTIMIZATION_LEVEL = "-O";
				VALIDATE_PRODUCT = YES;
			};
			name = Release;
		};
		48067CCC291BEA48004C462B /* Debug */ = {
			isa = XCBuildConfiguration;
			baseConfigurationReference = 6770A5BAB26BDE91CF29D702 /* Pods-GitHub Repos Search.debug.xcconfig */;
			buildSettings = {
				ASSETCATALOG_COMPILER_APPICON_NAME = AppIcon;
				ASSETCATALOG_COMPILER_GLOBAL_ACCENT_COLOR_NAME = AccentColor;
				CODE_SIGN_STYLE = Automatic;
				CURRENT_PROJECT_VERSION = 1;
				GENERATE_INFOPLIST_FILE = YES;
				INFOPLIST_FILE = "GitHub Repos Search/Info.plist";
				INFOPLIST_KEY_UIApplicationSupportsIndirectInputEvents = YES;
				INFOPLIST_KEY_UILaunchStoryboardName = LaunchScreen;
				INFOPLIST_KEY_UIMainStoryboardFile = Main;
				INFOPLIST_KEY_UISupportedInterfaceOrientations = "UIInterfaceOrientationPortrait UIInterfaceOrientationLandscapeLeft UIInterfaceOrientationLandscapeRight";
				INFOPLIST_KEY_UISupportedInterfaceOrientations_iPad = "UIInterfaceOrientationPortrait UIInterfaceOrientationPortraitUpsideDown UIInterfaceOrientationLandscapeLeft UIInterfaceOrientationLandscapeRight";
				INFOPLIST_KEY_UISupportedInterfaceOrientations_iPhone = "UIInterfaceOrientationPortrait UIInterfaceOrientationLandscapeLeft UIInterfaceOrientationLandscapeRight";
				IPHONEOS_DEPLOYMENT_TARGET = 11.0;
				LD_RUNPATH_SEARCH_PATHS = (
					"$(inherited)",
					"@executable_path/Frameworks",
				);
				MARKETING_VERSION = 1.0;
				PRODUCT_BUNDLE_IDENTIFIER = "com.Andrew.GitHub-Repos-Search";
				PRODUCT_NAME = "$(TARGET_NAME)";
				SWIFT_EMIT_LOC_STRINGS = YES;
				SWIFT_VERSION = 5.0;
				TARGETED_DEVICE_FAMILY = "1,2";
			};
			name = Debug;
		};
		48067CCD291BEA48004C462B /* Release */ = {
			isa = XCBuildConfiguration;
			baseConfigurationReference = A9CD3E50B3F3FD4A805549E1 /* Pods-GitHub Repos Search.release.xcconfig */;
			buildSettings = {
				ASSETCATALOG_COMPILER_APPICON_NAME = AppIcon;
				ASSETCATALOG_COMPILER_GLOBAL_ACCENT_COLOR_NAME = AccentColor;
				CODE_SIGN_STYLE = Automatic;
				CURRENT_PROJECT_VERSION = 1;
				GENERATE_INFOPLIST_FILE = YES;
				INFOPLIST_FILE = "GitHub Repos Search/Info.plist";
				INFOPLIST_KEY_UIApplicationSupportsIndirectInputEvents = YES;
				INFOPLIST_KEY_UILaunchStoryboardName = LaunchScreen;
				INFOPLIST_KEY_UIMainStoryboardFile = Main;
				INFOPLIST_KEY_UISupportedInterfaceOrientations = "UIInterfaceOrientationPortrait UIInterfaceOrientationLandscapeLeft UIInterfaceOrientationLandscapeRight";
				INFOPLIST_KEY_UISupportedInterfaceOrientations_iPad = "UIInterfaceOrientationPortrait UIInterfaceOrientationPortraitUpsideDown UIInterfaceOrientationLandscapeLeft UIInterfaceOrientationLandscapeRight";
				INFOPLIST_KEY_UISupportedInterfaceOrientations_iPhone = "UIInterfaceOrientationPortrait UIInterfaceOrientationLandscapeLeft UIInterfaceOrientationLandscapeRight";
				IPHONEOS_DEPLOYMENT_TARGET = 11.0;
				LD_RUNPATH_SEARCH_PATHS = (
					"$(inherited)",
					"@executable_path/Frameworks",
				);
				MARKETING_VERSION = 1.0;
				PRODUCT_BUNDLE_IDENTIFIER = "com.Andrew.GitHub-Repos-Search";
				PRODUCT_NAME = "$(TARGET_NAME)";
				SWIFT_EMIT_LOC_STRINGS = YES;
				SWIFT_VERSION = 5.0;
				TARGETED_DEVICE_FAMILY = "1,2";
			};
			name = Release;
		};
		48067CCF291BEA48004C462B /* Debug */ = {
			isa = XCBuildConfiguration;
			buildSettings = {
				ALWAYS_EMBED_SWIFT_STANDARD_LIBRARIES = YES;
				BUNDLE_LOADER = "$(TEST_HOST)";
				CODE_SIGN_STYLE = Automatic;
				CURRENT_PROJECT_VERSION = 1;
				GENERATE_INFOPLIST_FILE = YES;
				IPHONEOS_DEPLOYMENT_TARGET = 15.5;
				MARKETING_VERSION = 1.0;
				PRODUCT_BUNDLE_IDENTIFIER = "com.Andrew.GitHub-Repos-SearchTests";
				PRODUCT_NAME = "$(TARGET_NAME)";
				SWIFT_EMIT_LOC_STRINGS = NO;
				SWIFT_VERSION = 5.0;
				TARGETED_DEVICE_FAMILY = "1,2";
				TEST_HOST = "$(BUILT_PRODUCTS_DIR)/GitHub Repos Search.app/GitHub Repos Search";
			};
			name = Debug;
		};
		48067CD0291BEA48004C462B /* Release */ = {
			isa = XCBuildConfiguration;
			buildSettings = {
				ALWAYS_EMBED_SWIFT_STANDARD_LIBRARIES = YES;
				BUNDLE_LOADER = "$(TEST_HOST)";
				CODE_SIGN_STYLE = Automatic;
				CURRENT_PROJECT_VERSION = 1;
				GENERATE_INFOPLIST_FILE = YES;
				IPHONEOS_DEPLOYMENT_TARGET = 15.5;
				MARKETING_VERSION = 1.0;
				PRODUCT_BUNDLE_IDENTIFIER = "com.Andrew.GitHub-Repos-SearchTests";
				PRODUCT_NAME = "$(TARGET_NAME)";
				SWIFT_EMIT_LOC_STRINGS = NO;
				SWIFT_VERSION = 5.0;
				TARGETED_DEVICE_FAMILY = "1,2";
				TEST_HOST = "$(BUILT_PRODUCTS_DIR)/GitHub Repos Search.app/GitHub Repos Search";
			};
			name = Release;
		};
		48067CD2291BEA48004C462B /* Debug */ = {
			isa = XCBuildConfiguration;
			buildSettings = {
				ALWAYS_EMBED_SWIFT_STANDARD_LIBRARIES = YES;
				CODE_SIGN_STYLE = Automatic;
				CURRENT_PROJECT_VERSION = 1;
				GENERATE_INFOPLIST_FILE = YES;
				MARKETING_VERSION = 1.0;
				PRODUCT_BUNDLE_IDENTIFIER = "com.Andrew.GitHub-Repos-SearchUITests";
				PRODUCT_NAME = "$(TARGET_NAME)";
				SWIFT_EMIT_LOC_STRINGS = NO;
				SWIFT_VERSION = 5.0;
				TARGETED_DEVICE_FAMILY = "1,2";
				TEST_TARGET_NAME = "GitHub Repos Search";
			};
			name = Debug;
		};
		48067CD3291BEA48004C462B /* Release */ = {
			isa = XCBuildConfiguration;
			buildSettings = {
				ALWAYS_EMBED_SWIFT_STANDARD_LIBRARIES = YES;
				CODE_SIGN_STYLE = Automatic;
				CURRENT_PROJECT_VERSION = 1;
				GENERATE_INFOPLIST_FILE = YES;
				MARKETING_VERSION = 1.0;
				PRODUCT_BUNDLE_IDENTIFIER = "com.Andrew.GitHub-Repos-SearchUITests";
				PRODUCT_NAME = "$(TARGET_NAME)";
				SWIFT_EMIT_LOC_STRINGS = NO;
				SWIFT_VERSION = 5.0;
				TARGETED_DEVICE_FAMILY = "1,2";
				TEST_TARGET_NAME = "GitHub Repos Search";
			};
			name = Release;
		};
/* End XCBuildConfiguration section */

/* Begin XCConfigurationList section */
		48067C9C291BEA47004C462B /* Build configuration list for PBXProject "GitHub Repos Search" */ = {
			isa = XCConfigurationList;
			buildConfigurations = (
				48067CC9291BEA48004C462B /* Debug */,
				48067CCA291BEA48004C462B /* Release */,
			);
			defaultConfigurationIsVisible = 0;
			defaultConfigurationName = Release;
		};
		48067CCB291BEA48004C462B /* Build configuration list for PBXNativeTarget "GitHub Repos Search" */ = {
			isa = XCConfigurationList;
			buildConfigurations = (
				48067CCC291BEA48004C462B /* Debug */,
				48067CCD291BEA48004C462B /* Release */,
			);
			defaultConfigurationIsVisible = 0;
			defaultConfigurationName = Release;
		};
		48067CCE291BEA48004C462B /* Build configuration list for PBXNativeTarget "GitHub Repos SearchTests" */ = {
			isa = XCConfigurationList;
			buildConfigurations = (
				48067CCF291BEA48004C462B /* Debug */,
				48067CD0291BEA48004C462B /* Release */,
			);
			defaultConfigurationIsVisible = 0;
			defaultConfigurationName = Release;
		};
		48067CD1291BEA48004C462B /* Build configuration list for PBXNativeTarget "GitHub Repos SearchUITests" */ = {
			isa = XCConfigurationList;
			buildConfigurations = (
				48067CD2291BEA48004C462B /* Debug */,
				48067CD3291BEA48004C462B /* Release */,
			);
			defaultConfigurationIsVisible = 0;
			defaultConfigurationName = Release;
		};
/* End XCConfigurationList section */
	};
	rootObject = 48067C99291BEA47004C462B /* Project object */;
}
